
Microsoft Visual Studio Solution File, Format Version 12.00
# Visual Studio Version 16
VisualStudioVersion = 16.0.29911.84
MinimumVisualStudioVersion = 15.0.26124.0
Project("{9A19103F-16F7-4668-BE54-9A1E7A4F7556}") = "MetadataDatabase", "MetadataDatabase\MetadataDatabase.csproj", "{D54708AD-78A4-4E93-B981-608B2EC68A82}"
EndProject
Project("{9A19103F-16F7-4668-BE54-9A1E7A4F7556}") = "UnitTests", "tests\UnitTests.csproj", "{4E0700AC-2609-4C92-BA3E-3DC89C3D32EE}"
EndProject
Global
	GlobalSection(SolutionConfigurationPlatforms) = preSolution
		Debug|Any CPU = Debug|Any CPU
		Debug|x64 = Debug|x64
		Debug|x86 = Debug|x86
		Release|Any CPU = Release|Any CPU
		Release|x64 = Release|x64
		Release|x86 = Release|x86
	EndGlobalSection
	GlobalSection(ProjectConfigurationPlatforms) = postSolution
		{D54708AD-78A4-4E93-B981-608B2EC68A82}.Debug|Any CPU.ActiveCfg = Debug|Any CPU
		{D54708AD-78A4-4E93-B981-608B2EC68A82}.Debug|Any CPU.Build.0 = Debug|Any CPU
		{D54708AD-78A4-4E93-B981-608B2EC68A82}.Debug|x64.ActiveCfg = Debug|Any CPU
		{D54708AD-78A4-4E93-B981-608B2EC68A82}.Debug|x64.Build.0 = Debug|Any CPU
		{D54708AD-78A4-4E93-B981-608B2EC68A82}.Debug|x86.ActiveCfg = Debug|Any CPU
		{D54708AD-78A4-4E93-B981-608B2EC68A82}.Debug|x86.Build.0 = Debug|Any CPU
		{D54708AD-78A4-4E93-B981-608B2EC68A82}.Release|Any CPU.ActiveCfg = Release|Any CPU
		{D54708AD-78A4-4E93-B981-608B2EC68A82}.Release|Any CPU.Build.0 = Release|Any CPU
		{D54708AD-78A4-4E93-B981-608B2EC68A82}.Release|x64.ActiveCfg = Release|Any CPU
		{D54708AD-78A4-4E93-B981-608B2EC68A82}.Release|x64.Build.0 = Release|Any CPU
		{D54708AD-78A4-4E93-B981-608B2EC68A82}.Release|x86.ActiveCfg = Release|Any CPU
		{D54708AD-78A4-4E93-B981-608B2EC68A82}.Release|x86.Build.0 = Release|Any CPU
		{4E0700AC-2609-4C92-BA3E-3DC89C3D32EE}.Debug|Any CPU.ActiveCfg = Debug|Any CPU
		{4E0700AC-2609-4C92-BA3E-3DC89C3D32EE}.Debug|Any CPU.Build.0 = Debug|Any CPU
		{4E0700AC-2609-4C92-BA3E-3DC89C3D32EE}.Debug|x64.ActiveCfg = Debug|Any CPU
		{4E0700AC-2609-4C92-BA3E-3DC89C3D32EE}.Debug|x64.Build.0 = Debug|Any CPU
		{4E0700AC-2609-4C92-BA3E-3DC89C3D32EE}.Debug|x86.ActiveCfg = Debug|Any CPU
		{4E0700AC-2609-4C92-BA3E-3DC89C3D32EE}.Debug|x86.Build.0 = Debug|Any CPU
		{4E0700AC-2609-4C92-BA3E-3DC89C3D32EE}.Release|Any CPU.ActiveCfg = Release|Any CPU
		{4E0700AC-2609-4C92-BA3E-3DC89C3D32EE}.Release|Any CPU.Build.0 = Release|Any CPU
		{4E0700AC-2609-4C92-BA3E-3DC89C3D32EE}.Release|x64.ActiveCfg = Release|Any CPU
		{4E0700AC-2609-4C92-BA3E-3DC89C3D32EE}.Release|x64.Build.0 = Release|Any CPU
		{4E0700AC-2609-4C92-BA3E-3DC89C3D32EE}.Release|x86.ActiveCfg = Release|Any CPU
		{4E0700AC-2609-4C92-BA3E-3DC89C3D32EE}.Release|x86.Build.0 = Release|Any CPU
	EndGlobalSection
	GlobalSection(SolutionProperties) = preSolution
		HideSolutionNode = FALSE
	EndGlobalSection
	GlobalSection(ExtensibilityGlobals) = postSolution
		SolutionGuid = {7439E8B7-DC48-4071-9F70-099660936248}
	EndGlobalSection
EndGlobal
